
Microsoft Visual Studio Solution File, Format Version 12.00
# Visual Studio Version 16
VisualStudioVersion = 16.0.32602.291
MinimumVisualStudioVersion = 10.0.40219.1
Project("{FAE04EC0-301F-11D3-BF4B-00C04F79EFBC}") = "ChessInterpreter", "ChessInterpreter\ChessInterpreter.csproj", "{BC58A213-FDF7-4A3C-9F9D-C5A1424E517D}"
EndProject
Global
	GlobalSection(SolutionConfigurationPlatforms) = preSolution
		Debug|Any CPU = Debug|Any CPU
		Release|Any CPU = Release|Any CPU
	EndGlobalSection
	GlobalSection(ProjectConfigurationPlatforms) = postSolution
		{BC58A213-FDF7-4A3C-9F9D-C5A1424E517D}.Debug|Any CPU.ActiveCfg = Debug|Any CPU
		{BC58A213-FDF7-4A3C-9F9D-C5A1424E517D}.Debug|Any CPU.Build.0 = Debug|Any CPU
		{BC58A213-FDF7-4A3C-9F9D-C5A1424E517D}.Release|Any CPU.ActiveCfg = Release|Any CPU
		{BC58A213-FDF7-4A3C-9F9D-C5A1424E517D}.Release|Any CPU.Build.0 = Release|Any CPU
	EndGlobalSection
	GlobalSection(SolutionProperties) = preSolution
		HideSolutionNode = FALSE
	EndGlobalSection
	GlobalSection(ExtensibilityGlobals) = postSolution
		SolutionGuid = {38827DB8-79A0-4DEB-84B6-8A4DB85D6A82}
	EndGlobalSection
EndGlobal
